github.com/holoplot/go-evdev v0.0.0-20250804134636-ab1d56a1fe83 h1:B+A58zGFuDrvEZpPN+yS6swJA0nzqgZvDzgl/OPyefU=
github.com/holoplot/go-evdev v0.0.0-20250804134636-ab1d56a1fe83/go.mod h1:iHAf8OIncO2gcQ8XOjS7CMJ2aPbX2Bs0wl5pZyanEqk=
gopkg.in/ini.v1 v1.67.0 h1:Dgnx+6+nfE+IfzjUEISNeydPJh9AXNNsWbGP9KzCsOA=
gopkg.in/ini.v1 v1.67.0/go.mod h1:pNLf8WUiyNEtQjuu5G5vTm06TEv9tsIgeAvK8hOrP4k=
